// !$*UTF8*$!
{
	archiveVersion = 1;
	classes = {
	};
	objectVersion = 50;
	objects = {

/* Begin PBXBuildFile section */
		35E9080F9915930CF2156DB6 /* Pods_googleSingIn.framework in Frameworks */ = {isa = PBXBuildFile; fileRef = C9660E111C12625ECEE533A7 /* Pods_googleSingIn.framework */; };
		3AE06B70AB4570667AE22EC4 /* Pods_googleSingInTests.framework in Frameworks */ = {isa = PBXBuildFile; fileRef = 34505D914849607A2051E798 /* Pods_googleSingInTests.framework */; };
		49DBAC1222300DD5004FD76D /* AppDelegate.swift in Sources */ = {isa = PBXBuildFile; fileRef = 49DBAC1122300DD5004FD76D /* AppDelegate.swift */; };
		49DBAC1422300DD5004FD76D /* ViewController.swift in Sources */ = {isa = PBXBuildFile; fileRef = 49DBAC1322300DD5004FD76D /* ViewController.swift */; };
		49DBAC1722300DD5004FD76D /* Main.storyboard in Resources */ = {isa = PBXBuildFile; fileRef = 49DBAC1522300DD5004FD76D /* Main.storyboard */; };
		49DBAC1922300DD7004FD76D /* Assets.xcassets in Resources */ = {isa = PBXBuildFile; fileRef = 49DBAC1822300DD7004FD76D /* Assets.xcassets */; };
		49DBAC1C22300DD7004FD76D /* LaunchScreen.storyboard in Resources */ = {isa = PBXBuildFile; fileRef = 49DBAC1A22300DD7004FD76D /* LaunchScreen.storyboard */; };
		49DBAC2722300DD7004FD76D /* googleSingInTests.swift in Sources */ = {isa = PBXBuildFile; fileRef = 49DBAC2622300DD7004FD76D /* googleSingInTests.swift */; };
/* End PBXBuildFile section */

/* Begin PBXContainerItemProxy section */
		49DBAC2322300DD7004FD76D /* PBXContainerItemProxy */ = {
			isa = PBXContainerItemProxy;
			containerPortal = 49DBAC0622300DD5004FD76D /* Project object */;
			proxyType = 1;
			remoteGlobalIDString = 49DBAC0D22300DD5004FD76D;
			remoteInfo = googleSingIn;
		};
/* End PBXContainerItemProxy section */

/* Begin PBXFileReference section */
		28C2B2294747EBF0DD93AE67 /* Pods-googleSingIn.release.xcconfig */ = {isa = PBXFileReference; includeInIndex = 1; lastKnownFileType = text.xcconfig; name = "Pods-googleSingIn.release.xcconfig"; path = "Pods/Target Support Files/Pods-googleSingIn/Pods-googleSingIn.release.xcconfig"; sourceTree = "<group>"; };
		34505D914849607A2051E798 /* Pods_googleSingInTests.framework */ = {isa = PBXFileReference; explicitFileType = wrapper.framework; includeInIndex = 0; path = Pods_googleSingInTests.framework; sourceTree = BUILT_PRODUCTS_DIR; };
		49DBAC0E22300DD5004FD76D /* googleSingIn.app */ = {isa = PBXFileReference; explicitFileType = wrapper.application; includeInIndex = 0; path = googleSingIn.app; sourceTree = BUILT_PRODUCTS_DIR; };
		49DBAC1122300DD5004FD76D /* AppDelegate.swift */ = {isa = PBXFileReference; lastKnownFileType = sourcecode.swift; path = AppDelegate.swift; sourceTree = "<group>"; };
		49DBAC1322300DD5004FD76D /* ViewController.swift */ = {isa = PBXFileReference; lastKnownFileType = sourcecode.swift; path = ViewController.swift; sourceTree = "<group>"; };
		49DBAC1622300DD5004FD76D /* Base */ = {isa = PBXFileReference; lastKnownFileType = file.storyboard; name = Base; path = Base.lproj/Main.storyboard; sourceTree = "<group>"; };
		49DBAC1822300DD7004FD76D /* Assets.xcassets */ = {isa = PBXFileReference; lastKnownFileType = folder.assetcatalog; path = Assets.xcassets; sourceTree = "<group>"; };
		49DBAC1B22300DD7004FD76D /* Base */ = {isa = PBXFileReference; lastKnownFileType = file.storyboard; name = Base; path = Base.lproj/LaunchScreen.storyboard; sourceTree = "<group>"; };
		49DBAC1D22300DD7004FD76D /* Info.plist */ = {isa = PBXFileReference; lastKnownFileType = text.plist.xml; path = Info.plist; sourceTree = "<group>"; };
		49DBAC2222300DD7004FD76D /* googleSingInTests.xctest */ = {isa = PBXFileReference; explicitFileType = wrapper.cfbundle; includeInIndex = 0; path = googleSingInTests.xctest; sourceTree = BUILT_PRODUCTS_DIR; };
		49DBAC2622300DD7004FD76D /* googleSingInTests.swift */ = {isa = PBXFileReference; lastKnownFileType = sourcecode.swift; path = googleSingInTests.swift; sourceTree = "<group>"; };
		49DBAC2822300DD7004FD76D /* Info.plist */ = {isa = PBXFileReference; lastKnownFileType = text.plist.xml; path = Info.plist; sourceTree = "<group>"; };
		C9660E111C12625ECEE533A7 /* Pods_googleSingIn.framework */ = {isa = PBXFileReference; explicitFileType = wrapper.framework; includeInIndex = 0; path = Pods_googleSingIn.framework; sourceTree = BUILT_PRODUCTS_DIR; };
		EC4F319B57CE6A1EA820829D /* Pods-googleSingInTests.release.xcconfig */ = {isa = PBXFileReference; includeInIndex = 1; lastKnownFileType = text.xcconfig; name = "Pods-googleSingInTests.release.xcconfig"; path = "Pods/Target Support Files/Pods-googleSingInTests/Pods-googleSingInTests.release.xcconfig"; sourceTree = "<group>"; };
		F19386BB3F9547499E8C4092 /* Pods-googleSingInTests.debug.xcconfig */ = {isa = PBXFileReference; includeInIndex = 1; lastKnownFileType = text.xcconfig; name = "Pods-googleSingInTests.debug.xcconfig"; path = "Pods/Target Support Files/Pods-googleSingInTests/Pods-googleSingInTests.debug.xcconfig"; sourceTree = "<group>"; };
		F568700DC1D2398A0E5C405F /* Pods-googleSingIn.debug.xcconfig */ = {isa = PBXFileReference; includeInIndex = 1; lastKnownFileType = text.xcconfig; name = "Pods-googleSingIn.debug.xcconfig"; path = "Pods/Target Support Files/Pods-googleSingIn/Pods-googleSingIn.debug.xcconfig"; sourceTree = "<group>"; };
/* End PBXFileReference section */

/* Begin PBXFrameworksBuildPhase section */
		49DBAC0B22300DD5004FD76D /* Frameworks */ = {
			isa = PBXFrameworksBuildPhase;
			buildActionMask = 2147483647;
			files = (
				35E9080F9915930CF2156DB6 /* Pods_googleSingIn.framework in Frameworks */,
			);
			runOnlyForDeploymentPostprocessing = 0;
		};
		49DBAC1F22300DD7004FD76D /* Frameworks */ = {
			isa = PBXFrameworksBuildPhase;
			buildActionMask = 2147483647;
			files = (
				3AE06B70AB4570667AE22EC4 /* Pods_googleSingInTests.framework in Frameworks */,
			);
			runOnlyForDeploymentPostprocessing = 0;
		};
/* End PBXFrameworksBuildPhase section */

/* Begin PBXGroup section */
		49DBAC0522300DD5004FD76D = {
			isa = PBXGroup;
			children = (
				49DBAC1022300DD5004FD76D /* googleSingIn */,
				49DBAC2522300DD7004FD76D /* googleSingInTests */,
				49DBAC0F22300DD5004FD76D /* Products */,
				85BEB240406117EF458C8EDA /* Pods */,
				91C69853C74EA389651C5D69 /* Frameworks */,
			);
			sourceTree = "<group>";
		};
		49DBAC0F22300DD5004FD76D /* Products */ = {
			isa = PBXGroup;
			children = (
				49DBAC0E22300DD5004FD76D /* googleSingIn.app */,
				49DBAC2222300DD7004FD76D /* googleSingInTests.xctest */,
			);
			name = Products;
			sourceTree = "<group>";
		};
		49DBAC1022300DD5004FD76D /* googleSingIn */ = {
			isa = PBXGroup;
			children = (
				49DBAC1122300DD5004FD76D /* AppDelegate.swift */,
				49DBAC1322300DD5004FD76D /* ViewController.swift */,
				49DBAC1522300DD5004FD76D /* Main.storyboard */,
				49DBAC1822300DD7004FD76D /* Assets.xcassets */,
				49DBAC1A22300DD7004FD76D /* LaunchScreen.storyboard */,
				49DBAC1D22300DD7004FD76D /* Info.plist */,
			);
			path = googleSingIn;
			sourceTree = "<group>";
		};
		49DBAC2522300DD7004FD76D /* googleSingInTests */ = {
			isa = PBXGroup;
			children = (
				49DBAC2622300DD7004FD76D /* googleSingInTests.swift */,
				49DBAC2822300DD7004FD76D /* Info.plist */,
			);
			path = googleSingInTests;
			sourceTree = "<group>";
		};
		85BEB240406117EF458C8EDA /* Pods */ = {
			isa = PBXGroup;
			children = (
				F568700DC1D2398A0E5C405F /* Pods-googleSingIn.debug.xcconfig */,
				28C2B2294747EBF0DD93AE67 /* Pods-googleSingIn.release.xcconfig */,
				F19386BB3F9547499E8C4092 /* Pods-googleSingInTests.debug.xcconfig */,
				EC4F319B57CE6A1EA820829D /* Pods-googleSingInTests.release.xcconfig */,
			);
			name = Pods;
			sourceTree = "<group>";
		};
		91C69853C74EA389651C5D69 /* Frameworks */ = {
			isa = PBXGroup;
			children = (
				C9660E111C12625ECEE533A7 /* Pods_googleSingIn.framework */,
				34505D914849607A2051E798 /* Pods_googleSingInTests.framework */,
			);
			name = Frameworks;
			sourceTree = "<group>";
		};
/* End PBXGroup section */

/* Begin PBXNativeTarget section */
		49DBAC0D22300DD5004FD76D /* googleSingIn */ = {
			isa = PBXNativeTarget;
			buildConfigurationList = 49DBAC2B22300DD7004FD76D /* Build configuration list for PBXNativeTarget "googleSingIn" */;
			buildPhases = (
				26FC86FA94DD72CAD4C35379 /* [CP] Check Pods Manifest.lock */,
				49DBAC0A22300DD5004FD76D /* Sources */,
				49DBAC0B22300DD5004FD76D /* Frameworks */,
				49DBAC0C22300DD5004FD76D /* Resources */,
				0C8741F7C52FA5C4CB66B1F0 /* [CP] Embed Pods Frameworks */,
				E3408166E8E45168E46D0EE6 /* [CP] Copy Pods Resources */,
			);
			buildRules = (
			);
			dependencies = (
			);
			name = googleSingIn;
			productName = googleSingIn;
			productReference = 49DBAC0E22300DD5004FD76D /* googleSingIn.app */;
			productType = "com.apple.product-type.application";
		};
		49DBAC2122300DD7004FD76D /* googleSingInTests */ = {
			isa = PBXNativeTarget;
			buildConfigurationList = 49DBAC2E22300DD7004FD76D /* Build configuration list for PBXNativeTarget "googleSingInTests" */;
			buildPhases = (
				22D95802B36B6FD5493EAC61 /* [CP] Check Pods Manifest.lock */,
				49DBAC1E22300DD7004FD76D /* Sources */,
				49DBAC1F22300DD7004FD76D /* Frameworks */,
				49DBAC2022300DD7004FD76D /* Resources */,
			);
			buildRules = (
			);
			dependencies = (
				49DBAC2422300DD7004FD76D /* PBXTargetDependency */,
			);
			name = googleSingInTests;
			productName = googleSingInTests;
			productReference = 49DBAC2222300DD7004FD76D /* googleSingInTests.xctest */;
			productType = "com.apple.product-type.bundle.unit-test";
		};
/* End PBXNativeTarget section */

/* Begin PBXProject section */
		49DBAC0622300DD5004FD76D /* Project object */ = {
			isa = PBXProject;
			attributes = {
				LastSwiftUpdateCheck = 1010;
				LastUpgradeCheck = 1010;
				ORGANIZATIONNAME = Mattia;
				TargetAttributes = {
					49DBAC0D22300DD5004FD76D = {
						CreatedOnToolsVersion = 10.1;
					};
					49DBAC2122300DD7004FD76D = {
						CreatedOnToolsVersion = 10.1;
						TestTargetID = 49DBAC0D22300DD5004FD76D;
					};
				};
			};
			buildConfigurationList = 49DBAC0922300DD5004FD76D /* Build configuration list for PBXProject "googleSingIn" */;
			compatibilityVersion = "Xcode 9.3";
			developmentRegion = en;
			hasScannedForEncodings = 0;
			knownRegions = (
				en,
				Base,
			);
			mainGroup = 49DBAC0522300DD5004FD76D;
			productRefGroup = 49DBAC0F22300DD5004FD76D /* Products */;
			projectDirPath = "";
			projectRoot = "";
			targets = (
				49DBAC0D22300DD5004FD76D /* googleSingIn */,
				49DBAC2122300DD7004FD76D /* googleSingInTests */,
			);
		};
/* End PBXProject section */

/* Begin PBXResourcesBuildPhase section */
		49DBAC0C22300DD5004FD76D /* Resources */ = {
			isa = PBXResourcesBuildPhase;
			buildActionMask = 2147483647;
			files = (
				49DBAC1C22300DD7004FD76D /* LaunchScreen.storyboard in Resources */,
				49DBAC1922300DD7004FD76D /* Assets.xcassets in Resources */,
				49DBAC1722300DD5004FD76D /* Main.storyboard in Resources */,
			);
			runOnlyForDeploymentPostprocessing = 0;
		};
		49DBAC2022300DD7004FD76D /* Resources */ = {
			isa = PBXResourcesBuildPhase;
			buildActionMask = 2147483647;
			files = (
			);
			runOnlyForDeploymentPostprocessing = 0;
		};
/* End PBXResourcesBuildPhase section */

/* Begin PBXShellScriptBuildPhase section */
		0C8741F7C52FA5C4CB66B1F0 /* [CP] Embed Pods Frameworks */ = {
			isa = PBXShellScriptBuildPhase;
			buildActionMask = 2147483647;
			files = (
			);
			inputPaths = (
				"${SRCROOT}/Pods/Target Support Files/Pods-googleSingIn/Pods-googleSingIn-frameworks.sh",
				"${BUILT_PRODUCTS_DIR}/AFNetworking/AFNetworking.framework",
				"${BUILT_PRODUCTS_DIR}/Bolts/Bolts.framework",
				"${BUILT_PRODUCTS_DIR}/FBSDKCoreKit/FBSDKCoreKit.framework",
				"${BUILT_PRODUCTS_DIR}/FBSDKLoginKit/FBSDKLoginKit.framework",
				"${BUILT_PRODUCTS_DIR}/FBSDKShareKit/FBSDKShareKit.framework",
				"${BUILT_PRODUCTS_DIR}/FacebookCore/FacebookCore.framework",
				"${BUILT_PRODUCTS_DIR}/FacebookLogin/FacebookLogin.framework",
				"${BUILT_PRODUCTS_DIR}/FacebookShare/FacebookShare.framework",
				"${BUILT_PRODUCTS_DIR}/GTMSessionFetcher/GTMSessionFetcher.framework",
				"${BUILT_PRODUCTS_DIR}/GoogleToolboxForMac/GoogleToolboxForMac.framework",
				"${BUILT_PRODUCTS_DIR}/IOSLinkedInAPIFix/IOSLinkedInAPIFix.framework",
				"${BUILT_PRODUCTS_DIR}/LinkedinSwift/LinkedinSwift.framework",
				"${PODS_ROOT}/TwitterCore/iOS/TwitterCore.framework",
				"${PODS_ROOT}/TwitterKit/iOS/TwitterKit.framework",
			);
			name = "[CP] Embed Pods Frameworks";
			outputPaths = (
				"${TARGET_BUILD_DIR}/${FRAMEWORKS_FOLDER_PATH}/AFNetworking.framework",
				"${TARGET_BUILD_DIR}/${FRAMEWORKS_FOLDER_PATH}/Bolts.framework",
				"${TARGET_BUILD_DIR}/${FRAMEWORKS_FOLDER_PATH}/FBSDKCoreKit.framework",
				"${TARGET_BUILD_DIR}/${FRAMEWORKS_FOLDER_PATH}/FBSDKLoginKit.framework",
				"${TARGET_BUILD_DIR}/${FRAMEWORKS_FOLDER_PATH}/FBSDKShareKit.framework",
				"${TARGET_BUILD_DIR}/${FRAMEWORKS_FOLDER_PATH}/FacebookCore.framework",
				"${TARGET_BUILD_DIR}/${FRAMEWORKS_FOLDER_PATH}/FacebookLogin.framework",
				"${TARGET_BUILD_DIR}/${FRAMEWORKS_FOLDER_PATH}/FacebookShare.framework",
				"${TARGET_BUILD_DIR}/${FRAMEWORKS_FOLDER_PATH}/GTMSessionFetcher.framework",
				"${TARGET_BUILD_DIR}/${FRAMEWORKS_FOLDER_PATH}/GoogleToolboxForMac.framework",
				"${TARGET_BUILD_DIR}/${FRAMEWORKS_FOLDER_PATH}/IOSLinkedInAPIFix.framework",
				"${TARGET_BUILD_DIR}/${FRAMEWORKS_FOLDER_PATH}/LinkedinSwift.framework",
				"${TARGET_BUILD_DIR}/${FRAMEWORKS_FOLDER_PATH}/TwitterCore.framework",
				"${TARGET_BUILD_DIR}/${FRAMEWORKS_FOLDER_PATH}/TwitterKit.framework",
			);
			runOnlyForDeploymentPostprocessing = 0;
			shellPath = /bin/sh;
			shellScript = "\"${SRCROOT}/Pods/Target Support Files/Pods-googleSingIn/Pods-googleSingIn-frameworks.sh\"\n";
			showEnvVarsInLog = 0;
		};
		22D95802B36B6FD5493EAC61 /* [CP] Check Pods Manifest.lock */ = {
			isa = PBXShellScriptBuildPhase;
			buildActionMask = 2147483647;
			files = (
			);
			inputPaths = (
				"${PODS_PODFILE_DIR_PATH}/Podfile.lock",
				"${PODS_ROOT}/Manifest.lock",
			);
			name = "[CP] Check Pods Manifest.lock";
			outputPaths = (
				"$(DERIVED_FILE_DIR)/Pods-googleSingInTests-checkManifestLockResult.txt",
			);
			runOnlyForDeploymentPostprocessing = 0;
			shellPath = /bin/sh;
			shellScript = "diff \"${PODS_PODFILE_DIR_PATH}/Podfile.lock\" \"${PODS_ROOT}/Manifest.lock\" > /dev/null\nif [ $? != 0 ] ; then\n    # print error to STDERR\n    echo \"error: The sandbox is not in sync with the Podfile.lock. Run 'pod install' or update your CocoaPods installation.\" >&2\n    exit 1\nfi\n# This output is used by Xcode 'outputs' to avoid re-running this script phase.\necho \"SUCCESS\" > \"${SCRIPT_OUTPUT_FILE_0}\"\n";
			showEnvVarsInLog = 0;
		};
		26FC86FA94DD72CAD4C35379 /* [CP] Check Pods Manifest.lock */ = {
			isa = PBXShellScriptBuildPhase;
			buildActionMask = 2147483647;
			files = (
			);
			inputPaths = (
				"${PODS_PODFILE_DIR_PATH}/Podfile.lock",
				"${PODS_ROOT}/Manifest.lock",
			);
			name = "[CP] Check Pods Manifest.lock";
			outputPaths = (
				"$(DERIVED_FILE_DIR)/Pods-googleSingIn-checkManifestLockResult.txt",
			);
			runOnlyForDeploymentPostprocessing = 0;
			shellPath = /bin/sh;
			shellScript = "diff \"${PODS_PODFILE_DIR_PATH}/Podfile.lock\" \"${PODS_ROOT}/Manifest.lock\" > /dev/null\nif [ $? != 0 ] ; then\n    # print error to STDERR\n    echo \"error: The sandbox is not in sync with the Podfile.lock. Run 'pod install' or update your CocoaPods installation.\" >&2\n    exit 1\nfi\n# This output is used by Xcode 'outputs' to avoid re-running this script phase.\necho \"SUCCESS\" > \"${SCRIPT_OUTPUT_FILE_0}\"\n";
			showEnvVarsInLog = 0;
		};
		E3408166E8E45168E46D0EE6 /* [CP] Copy Pods Resources */ = {
			isa = PBXShellScriptBuildPhase;
			buildActionMask = 2147483647;
			files = (
			);
			inputPaths = (
				"${SRCROOT}/Pods/Target Support Files/Pods-googleSingIn/Pods-googleSingIn-resources.sh",
				"${PODS_ROOT}/GoogleSignIn/Resources/GoogleSignIn.bundle",
				"${PODS_ROOT}/TwitterKit/iOS/TwitterKit.framework/TwitterKitResources.bundle",
			);
			name = "[CP] Copy Pods Resources";
			outputPaths = (
				"${TARGET_BUILD_DIR}/${UNLOCALIZED_RESOURCES_FOLDER_PATH}/GoogleSignIn.bundle",
				"${TARGET_BUILD_DIR}/${UNLOCALIZED_RESOURCES_FOLDER_PATH}/TwitterKitResources.bundle",
			);
			runOnlyForDeploymentPostprocessing = 0;
			shellPath = /bin/sh;
			shellScript = "\"${SRCROOT}/Pods/Target Support Files/Pods-googleSingIn/Pods-googleSingIn-resources.sh\"\n";
			showEnvVarsInLog = 0;
		};
/* End PBXShellScriptBuildPhase section */

/* Begin PBXSourcesBuildPhase section */
		49DBAC0A22300DD5004FD76D /* Sources */ = {
			isa = PBXSourcesBuildPhase;
			buildActionMask = 2147483647;
			files = (
				49DBAC1422300DD5004FD76D /* ViewController.swift in Sources */,
				49DBAC1222300DD5004FD76D /* AppDelegate.swift in Sources */,
			);
			runOnlyForDeploymentPostprocessing = 0;
		};
		49DBAC1E22300DD7004FD76D /* Sources */ = {
			isa = PBXSourcesBuildPhase;
			buildActionMask = 2147483647;
			files = (
				49DBAC2722300DD7004FD76D /* googleSingInTests.swift in Sources */,
			);
			runOnlyForDeploymentPostprocessing = 0;
		};
/* End PBXSourcesBuildPhase section */

/* Begin PBXTargetDependency section */
		49DBAC2422300DD7004FD76D /* PBXTargetDependency */ = {
			isa = PBXTargetDependency;
			target = 49DBAC0D22300DD5004FD76D /* googleSingIn */;
			targetProxy = 49DBAC2322300DD7004FD76D /* PBXContainerItemProxy */;
		};
/* End PBXTargetDependency section */

/* Begin PBXVariantGroup section */
		49DBAC1522300DD5004FD76D /* Main.storyboard */ = {
			isa = PBXVariantGroup;
			children = (
				49DBAC1622300DD5004FD76D /* Base */,
			);
			name = Main.storyboard;
			sourceTree = "<group>";
		};
		49DBAC1A22300DD7004FD76D /* LaunchScreen.storyboard */ = {
			isa = PBXVariantGroup;
			children = (
				49DBAC1B22300DD7004FD76D /* Base */,
			);
			name = LaunchScreen.storyboard;
			sourceTree = "<group>";
		};
/* End PBXVariantGroup section */

/* Begin XCBuildConfiguration section */
		49DBAC2922300DD7004FD76D /* Debug */ = {
			isa = XCBuildConfiguration;
			buildSettings = {
				ALWAYS_SEARCH_USER_PATHS = NO;
				CLANG_ANALYZER_NONNULL = YES;
				CLANG_ANALYZER_NUMBER_OBJECT_CONVERSION = YES_AGGRESSIVE;
				CLANG_CXX_LANGUAGE_STANDARD = "gnu++14";
				CLANG_CXX_LIBRARY = "libc++";
				CLANG_ENABLE_MODULES = YES;
				CLANG_ENABLE_OBJC_ARC = YES;
				CLANG_ENABLE_OBJC_WEAK = YES;
				CLANG_WARN_BLOCK_CAPTURE_AUTORELEASING = YES;
				CLANG_WARN_BOOL_CONVERSION = YES;
				CLANG_WARN_COMMA = YES;
				CLANG_WARN_CONSTANT_CONVERSION = YES;
				CLANG_WARN_DEPRECATED_OBJC_IMPLEMENTATIONS = YES;
				CLANG_WARN_DIRECT_OBJC_ISA_USAGE = YES_ERROR;
				CLANG_WARN_DOCUMENTATION_COMMENTS = YES;
				CLANG_WARN_EMPTY_BODY = YES;
				CLANG_WARN_ENUM_CONVERSION = YES;
				CLANG_WARN_INFINITE_RECURSION = YES;
				CLANG_WARN_INT_CONVERSION = YES;
				CLANG_WARN_NON_LITERAL_NULL_CONVERSION = YES;
				CLANG_WARN_OBJC_IMPLICIT_RETAIN_SELF = YES;
				CLANG_WARN_OBJC_LITERAL_CONVERSION = YES;
				CLANG_WARN_OBJC_ROOT_CLASS = YES_ERROR;
				CLANG_WARN_RANGE_LOOP_ANALYSIS = YES;
				CLANG_WARN_STRICT_PROTOTYPES = YES;
				CLANG_WARN_SUSPICIOUS_MOVE = YES;
				CLANG_WARN_UNGUARDED_AVAILABILITY = YES_AGGRESSIVE;
				CLANG_WARN_UNREACHABLE_CODE = YES;
				CLANG_WARN__DUPLICATE_METHOD_MATCH = YES;
				CODE_SIGN_IDENTITY = "iPhone Developer";
				COPY_PHASE_STRIP = NO;
				DEBUG_INFORMATION_FORMAT = dwarf;
				ENABLE_STRICT_OBJC_MSGSEND = YES;
				ENABLE_TESTABILITY = YES;
				GCC_C_LANGUAGE_STANDARD = gnu11;
				GCC_DYNAMIC_NO_PIC = NO;
				GCC_NO_COMMON_BLOCKS = YES;
				GCC_OPTIMIZATION_LEVEL = 0;
				GCC_PREPROCESSOR_DEFINITIONS = (
					"DEBUG=1",
					"$(inherited)",
				);
				GCC_WARN_64_TO_32_BIT_CONVERSION = YES;
				GCC_WARN_ABOUT_RETURN_TYPE = YES_ERROR;
				GCC_WARN_UNDECLARED_SELECTOR = YES;
				GCC_WARN_UNINITIALIZED_AUTOS = YES_AGGRESSIVE;
				GCC_WARN_UNUSED_FUNCTION = YES;
				GCC_WARN_UNUSED_VARIABLE = YES;
				IPHONEOS_DEPLOYMENT_TARGET = 12.1;
				MTL_ENABLE_DEBUG_INFO = INCLUDE_SOURCE;
				MTL_FAST_MATH = YES;
				ONLY_ACTIVE_ARCH = YES;
				SDKROOT = iphoneos;
				SWIFT_ACTIVE_COMPILATION_CONDITIONS = DEBUG;
				SWIFT_OPTIMIZATION_LEVEL = "-Onone";
			};
			name = Debug;
		};
		49DBAC2A22300DD7004FD76D /* Release */ = {
			isa = XCBuildConfiguration;
			buildSettings = {
				ALWAYS_SEARCH_USER_PATHS = NO;
				CLANG_ANALYZER_NONNULL = YES;
				CLANG_ANALYZER_NUMBER_OBJECT_CONVERSION = YES_AGGRESSIVE;
				CLANG_CXX_LANGUAGE_STANDARD = "gnu++14";
				CLANG_CXX_LIBRARY = "libc++";
				CLANG_ENABLE_MODULES = YES;
				CLANG_ENABLE_OBJC_ARC = YES;
				CLANG_ENABLE_OBJC_WEAK = YES;
				CLANG_WARN_BLOCK_CAPTURE_AUTORELEASING = YES;
				CLANG_WARN_BOOL_CONVERSION = YES;
				CLANG_WARN_COMMA = YES;
				CLANG_WARN_CONSTANT_CONVERSION = YES;
				CLANG_WARN_DEPRECATED_OBJC_IMPLEMENTATIONS = YES;
				CLANG_WARN_DIRECT_OBJC_ISA_USAGE = YES_ERROR;
				CLANG_WARN_DOCUMENTATION_COMMENTS = YES;
				CLANG_WARN_EMPTY_BODY = YES;
				CLANG_WARN_ENUM_CONVERSION = YES;
				CLANG_WARN_INFINITE_RECURSION = YES;
				CLANG_WARN_INT_CONVERSION = YES;
				CLANG_WARN_NON_LITERAL_NULL_CONVERSION = YES;
				CLANG_WARN_OBJC_IMPLICIT_RETAIN_SELF = YES;
				CLANG_WARN_OBJC_LITERAL_CONVERSION = YES;
				CLANG_WARN_OBJC_ROOT_CLASS = YES_ERROR;
				CLANG_WARN_RANGE_LOOP_ANALYSIS = YES;
				CLANG_WARN_STRICT_PROTOTYPES = YES;
				CLANG_WARN_SUSPICIOUS_MOVE = YES;
				CLANG_WARN_UNGUARDED_AVAILABILITY = YES_AGGRESSIVE;
				CLANG_WARN_UNREACHABLE_CODE = YES;
				CLANG_WARN__DUPLICATE_METHOD_MATCH = YES;
				CODE_SIGN_IDENTITY = "iPhone Developer";
				COPY_PHASE_STRIP = NO;
				DEBUG_INFORMATION_FORMAT = "dwarf-with-dsym";
				ENABLE_NS_ASSERTIONS = NO;
				ENABLE_STRICT_OBJC_MSGSEND = YES;
				GCC_C_LANGUAGE_STANDARD = gnu11;
				GCC_NO_COMMON_BLOCKS = YES;
				GCC_WARN_64_TO_32_BIT_CONVERSION = YES;
				GCC_WARN_ABOUT_RETURN_TYPE = YES_ERROR;
				GCC_WARN_UNDECLARED_SELECTOR = YES;
				GCC_WARN_UNINITIALIZED_AUTOS = YES_AGGRESSIVE;
				GCC_WARN_UNUSED_FUNCTION = YES;
				GCC_WARN_UNUSED_VARIABLE = YES;
				IPHONEOS_DEPLOYMENT_TARGET = 12.1;
				MTL_ENABLE_DEBUG_INFO = NO;
				MTL_FAST_MATH = YES;
				SDKROOT = iphoneos;
				SWIFT_COMPILATION_MODE = wholemodule;
				SWIFT_OPTIMIZATION_LEVEL = "-O";
				VALIDATE_PRODUCT = YES;
			};
			name = Release;
		};
		49DBAC2C22300DD7004FD76D /* Debug */ = {
			isa = XCBuildConfiguration;
			baseConfigurationReference = F568700DC1D2398A0E5C405F /* Pods-googleSingIn.debug.xcconfig */;
			buildSettings = {
				ASSETCATALOG_COMPILER_APPICON_NAME = AppIcon;
				CODE_SIGN_STYLE = Automatic;
				DEVELOPMENT_TEAM = CPJ98JGHA8;
				INFOPLIST_FILE = googleSingIn/Info.plist;
				LD_RUNPATH_SEARCH_PATHS = (
					"$(inherited)",
					"@executable_path/Frameworks",
				);
				PRODUCT_BUNDLE_IDENTIFIER = Atos.googleSingIn;
				PRODUCT_NAME = "$(TARGET_NAME)";
				SWIFT_VERSION = 4.2;
				TARGETED_DEVICE_FAMILY = "1,2";
			};
			name = Debug;
		};
		49DBAC2D22300DD7004FD76D /* Release */ = {
			isa = XCBuildConfiguration;
			baseConfigurationReference = 28C2B2294747EBF0DD93AE67 /* Pods-googleSingIn.release.xcconfig */;
			buildSettings = {
				ASSETCATALOG_COMPILER_APPICON_NAME = AppIcon;
				CODE_SIGN_STYLE = Automatic;
				DEVELOPMENT_TEAM = CPJ98JGHA8;
				INFOPLIST_FILE = googleSingIn/Info.plist;
				LD_RUNPATH_SEARCH_PATHS = (
					"$(inherited)",
					"@executable_path/Frameworks",
				);
				PRODUCT_BUNDLE_IDENTIFIER = Atos.googleSingIn;
				PRODUCT_NAME = "$(TARGET_NAME)";
				SWIFT_VERSION = 4.2;
				TARGETED_DEVICE_FAMILY = "1,2";
			};
			name = Release;
		};
		49DBAC2F22300DD7004FD76D /* Debug */ = {
			isa = XCBuildConfiguration;
			baseConfigurationReference = F19386BB3F9547499E8C4092 /* Pods-googleSingInTests.debug.xcconfig */;
			buildSettings = {
				ALWAYS_EMBED_SWIFT_STANDARD_LIBRARIES = YES;
				BUNDLE_LOADER = "$(TEST_HOST)";
				CODE_SIGN_STYLE = Automatic;
				DEVELOPMENT_TEAM = CPJ98JGHA8;
				INFOPLIST_FILE = googleSingInTests/Info.plist;
				LD_RUNPATH_SEARCH_PATHS = (
					"$(inherited)",
					"@executable_path/Frameworks",
					"@loader_path/Frameworks",
				);
				PRODUCT_BUNDLE_IDENTIFIER = "-Atos.googleSingInTests";
				PRODUCT_NAME = "$(TARGET_NAME)";
				SWIFT_VERSION = 4.2;
				TARGETED_DEVICE_FAMILY = "1,2";
				TEST_HOST = "$(BUILT_PRODUCTS_DIR)/googleSingIn.app/googleSingIn";
			};
			name = Debug;
		};
		49DBAC3022300DD7004FD76D /* Release */ = {
			isa = XCBuildConfiguration;
			baseConfigurationReference = EC4F319B57CE6A1EA820829D /* Pods-googleSingInTests.release.xcconfig */;
			buildSettings = {
				ALWAYS_EMBED_SWIFT_STANDARD_LIBRARIES = YES;
				BUNDLE_LOADER = "$(TEST_HOST)";
				CODE_SIGN_STYLE = Automatic;
				DEVELOPMENT_TEAM = CPJ98JGHA8;
				INFOPLIST_FILE = googleSingInTests/Info.plist;
				LD_RUNPATH_SEARCH_PATHS = (
					"$(inherited)",
					"@executable_path/Frameworks",
					"@loader_path/Frameworks",
				);
				PRODUCT_BUNDLE_IDENTIFIER = "-Atos.googleSingInTests";
				PRODUCT_NAME = "$(TARGET_NAME)";
				SWIFT_VERSION = 4.2;
				TARGETED_DEVICE_FAMILY = "1,2";
				TEST_HOST = "$(BUILT_PRODUCTS_DIR)/googleSingIn.app/googleSingIn";
			};
			name = Release;
		};
/* End XCBuildConfiguration section */

/* Begin XCConfigurationList section */
		49DBAC0922300DD5004FD76D /* Build configuration list for PBXProject "googleSingIn" */ = {
			isa = XCConfigurationList;
			buildConfigurations = (
				49DBAC2922300DD7004FD76D /* Debug */,
				49DBAC2A22300DD7004FD76D /* Release */,
			);
			defaultConfigurationIsVisible = 0;
			defaultConfigurationName = Release;
		};
		49DBAC2B22300DD7004FD76D /* Build configuration list for PBXNativeTarget "googleSingIn" */ = {
			isa = XCConfigurationList;
			buildConfigurations = (
				49DBAC2C22300DD7004FD76D /* Debug */,
				49DBAC2D22300DD7004FD76D /* Release */,
			);
			defaultConfigurationIsVisible = 0;
			defaultConfigurationName = Release;
		};
		49DBAC2E22300DD7004FD76D /* Build configuration list for PBXNativeTarget "googleSingInTests" */ = {
			isa = XCConfigurationList;
			buildConfigurations = (
				49DBAC2F22300DD7004FD76D /* Debug */,
				49DBAC3022300DD7004FD76D /* Release */,
			);
			defaultConfigurationIsVisible = 0;
			defaultConfigurationName = Release;
		};
/* End XCConfigurationList section */
	};
	rootObject = 49DBAC0622300DD5004FD76D /* Project object */;
}
